# THIS IS AN AUTOGENERATED FILE. DO NOT EDIT THIS FILE DIRECTLY.
# yarn lockfile v1

"@types/filesystem@^0.0.28":
  version "0.0.28"
  resolved "https://registry.yarnpkg.com/@types/filesystem/-/filesystem-0.0.28.tgz#3fd7735830f2c7413cb5ac45780bc45904697b0e"
  dependencies:
    "@types/filewriter" "*"

"@types/filewriter@*":
  version "0.0.28"
  resolved "https://registry.yarnpkg.com/@types/filewriter/-/filewriter-0.0.28.tgz#c054e8af4d9dd75db4e63abc76f885168714d4b3"

promise-parallel-throttle:
  version "2.2.0"
  resolved "https://registry.yarnpkg.com/promise-parallel-throttle/-/promise-parallel-throttle-2.2.0.tgz#58ac5dc184778336ddb79bff4197dcebf6ab3bd1"

typescript@^2.0.7:
  version "2.1.4"
  resolved "https://registry.yarnpkg.com/typescript/-/typescript-2.1.4.tgz#b53b69fb841126acb1dd4b397d21daba87572251"
